
Microsoft Visual Studio Solution File, Format Version 12.00
# Visual Studio Version 17
VisualStudioVersion = 17.4.33213.308
MinimumVisualStudioVersion = 10.0.40219.1
Project("{FAE04EC0-301F-11D3-BF4B-00C04F79EFBC}") = "CashCounter", "CashCounter.csproj", "{ED1780AD-9F12-470A-A8BF-0E35658C22AF}"
EndProject
Global
	GlobalSection(SolutionConfigurationPlatforms) = preSolution
		Debug|Any CPU = Debug|Any CPU
		Release|Any CPU = Release|Any CPU
	EndGlobalSection
	GlobalSection(ProjectConfigurationPlatforms) = postSolution
		{ED1780AD-9F12-470A-A8BF-0E35658C22AF}.Debug|Any CPU.ActiveCfg = Debug|Any CPU
		{ED1780AD-9F12-470A-A8BF-0E35658C22AF}.Debug|Any CPU.Build.0 = Debug|Any CPU
		{ED1780AD-9F12-470A-A8BF-0E35658C22AF}.Release|Any CPU.ActiveCfg = Release|Any CPU
		{ED1780AD-9F12-470A-A8BF-0E35658C22AF}.Release|Any CPU.Build.0 = Release|Any CPU
	EndGlobalSection
	GlobalSection(SolutionProperties) = preSolution
		HideSolutionNode = FALSE
	EndGlobalSection
	GlobalSection(ExtensibilityGlobals) = postSolution
		SolutionGuid = {894C17CA-5953-4912-AC85-2011EF916469}
	EndGlobalSection
EndGlobal
