
Microsoft Visual Studio Solution File, Format Version 12.00
# Visual Studio Version 17
VisualStudioVersion = 17.4.33213.308
MinimumVisualStudioVersion = 10.0.40219.1
Project("{FAE04EC0-301F-11D3-BF4B-00C04F79EFBC}") = "Database_sqlServer", "Database_sqlServer.csproj", "{E45157BE-EA1F-40AF-943E-45EED56A3243}"
EndProject
Global
	GlobalSection(SolutionConfigurationPlatforms) = preSolution
		Debug|Any CPU = Debug|Any CPU
		Release|Any CPU = Release|Any CPU
	EndGlobalSection
	GlobalSection(ProjectConfigurationPlatforms) = postSolution
		{E45157BE-EA1F-40AF-943E-45EED56A3243}.Debug|Any CPU.ActiveCfg = Debug|Any CPU
		{E45157BE-EA1F-40AF-943E-45EED56A3243}.Debug|Any CPU.Build.0 = Debug|Any CPU
		{E45157BE-EA1F-40AF-943E-45EED56A3243}.Release|Any CPU.ActiveCfg = Release|Any CPU
		{E45157BE-EA1F-40AF-943E-45EED56A3243}.Release|Any CPU.Build.0 = Release|Any CPU
	EndGlobalSection
	GlobalSection(SolutionProperties) = preSolution
		HideSolutionNode = FALSE
	EndGlobalSection
	GlobalSection(ExtensibilityGlobals) = postSolution
		SolutionGuid = {CBD294E6-A89E-4355-857A-D09B04D954E1}
	EndGlobalSection
EndGlobal
